schema: '2.0'
stages:
  stage_00_data_ingestion:
    cmd: python3 IMDB/app_src/stage_00_data_ingestion.py
    deps:
    - path: IMDB/app_config/configuration.py
      md5: 698fee97b75d51f54f6d9169dc38ebd2
      size: 11705
    - path: IMDB/app_src/stage_00_data_ingestion.py
      md5: e8dcfba2bef944f586022b9839cfbeb1
      size: 5781
    - path: config/config.yaml
      md5: 9c28e6c2b96ddd945823c148a39fa63f
      size: 1191
    outs:
    - path: IMDB/app_artifact/stage00_data_ingestion/ingested_data/Test.csv
      md5: 44ecba70ddd5c92f91dc6928959d58d8
      size: 13197951
    - path: IMDB/app_artifact/stage00_data_ingestion/ingested_data/Train.csv
      md5: b6d3b6c901cda4827010217a63ffd315
      size: 53014375
  stage_01_data_transformation:
    cmd: python3 IMDB/app_src/stage_01_data_transformation.py
    deps:
    - path: IMDB/app_config/configuration.py
      md5: b0e92893f604c795fcfb93b578a08b39
      size: 10315
    - path: IMDB/app_src/stage_01_data_transformation.py
      md5: e4dc18ab84ae99c4685c411c409c2625
      size: 8545
    - path: config/config.yaml
      md5: d995b622b19c4296975bdb45d6c0ba5b
      size: 1243
    outs:
    - path: IMDB/app_artifact/stage01_data_transformation/preprocessed/preprocessed.pkl
      md5: 8717684166d3037a512b576f5b6cf621
      size: 20619801
    - path: IMDB/app_artifact/stage01_data_transformation/transformed_data/test/test.npz
      md5: 8cb80363a78e815cf38f8162ccc125e4
      size: 5952917
    - path: IMDB/app_artifact/stage01_data_transformation/transformed_data/train/train.npz
      md5: 88ee5dba8177019393bb084d34b1340d
      size: 8932229
  stage_02_model_trainer:
    cmd: python3 IMDB/app_src/stage_02_model_trainer.py
    deps:
    - path: IMDB/app_config/configuration.py
      md5: b0e92893f604c795fcfb93b578a08b39
      size: 10315
    - path: IMDB/app_entity/model_factory.py
      md5: a726afcdb8f421ffb2c7d7305d6ea50f
      size: 22208
    - path: IMDB/app_src/stage_02_model_trainer.py
      md5: 18119a46c5ec134e2259d30e7262ce77
      size: 7954
    - path: config/config.yaml
      md5: d995b622b19c4296975bdb45d6c0ba5b
      size: 1243
    - path: config/model.yaml
      md5: 44bac80d442090f32a8d17b898ace903
      size: 303
    outs:
    - path: IMDB/app_artifact/stage02_model_training/trained_model/model.pkl
      md5: 5b43e6a69a4b8c378760b26edfb4fb5d
      size: 86104403
  stage_03_model_evaluation:
    cmd: python3 IMDB/app_src/stage_03_model_evaluation.py
    deps:
    - path: IMDB/app_artifact/stage02_model_training/trained_model/model.pkl
      md5: 5b43e6a69a4b8c378760b26edfb4fb5d
      size: 86104403
    - path: IMDB/app_config/configuration.py
      md5: 698fee97b75d51f54f6d9169dc38ebd2
      size: 11705
    - path: IMDB/app_src/stage_03_model_evaluation.py
      md5: e3dfd4ce9512ff75979d0e948412c625
      size: 6642
    - path: config/config.yaml
      md5: 9c28e6c2b96ddd945823c148a39fa63f
      size: 1191
    outs:
    - path: IMDB/app_artifact/stage03_model_evaluation/
      md5: 3773debec3b24065028819027a7f40ed.dir
      size: 86104500
      nfiles: 1
